
Microsoft Visual Studio Solution File, Format Version 12.00
# Visual Studio 14
VisualStudioVersion = 14.0.25420.1
MinimumVisualStudioVersion = 10.0.40219.1
Project("{2150E333-8FDC-42A3-9474-1A3956D46DE8}") = "src", "src", "{7700E568-F270-4781-9D3C-F4F4133F22E1}"
EndProject
Project("{2150E333-8FDC-42A3-9474-1A3956D46DE8}") = "Solution Items", "Solution Items", "{E0F1BB0B-F4A9-4811-9C14-552E8101C7FA}"
	ProjectSection(SolutionItems) = preProject
		global.json = global.json
		WE-Palette.css = WE-Palette.css
	EndProjectSection
EndProject
Project("{8BB2217D-0F2D-49D1-97BC-3654ED321F3B}") = "Core.Emp.Sys.Main", "src\Core.Emp.Sys.Main\Core.Emp.Sys.Main.xproj", "{8ED475F8-9B54-4741-94A6-6A5983CDA5E5}"
EndProject
Project("{8BB2217D-0F2D-49D1-97BC-3654ED321F3B}") = "Core.Emp.Sys.Model", "src\Core.Emp.Sys.Model\Core.Emp.Sys.Model.xproj", "{50A97FA3-D5E4-4F6D-9739-573EA3890D68}"
EndProject
Project("{8BB2217D-0F2D-49D1-97BC-3654ED321F3B}") = "Core.Emp.Sys.Model.Validation", "src\Core.Emp.Sys.Model.Validation\Core.Emp.Sys.Model.Validation.xproj", "{1D66A300-B55E-4D04-B539-0F2CF3906820}"
EndProject
Project("{8BB2217D-0F2D-49D1-97BC-3654ED321F3B}") = "Core.Emp.Sys.Dal.Context", "src\Core.Emp.Sys.Dal.Context\Core.Emp.Sys.Dal.Context.xproj", "{37E67116-C6E2-4722-8E0A-E787DB4F1A03}"
EndProject
Project("{8BB2217D-0F2D-49D1-97BC-3654ED321F3B}") = "Core.Emp.Sys.Dal.Service", "src\Core.Emp.Sys.Dal.Service\Core.Emp.Sys.Dal.Service.xproj", "{2BD761D4-A061-44BC-B4FA-DBEE2E45A38A}"
EndProject
Project("{8BB2217D-0F2D-49D1-97BC-3654ED321F3B}") = "Core.Emp.Sys.Model.Infrastructure", "src\Core.Emp.Sys.Model.Infrastructure\Core.Emp.Sys.Model.Infrastructure.xproj", "{2E0EBAB6-069A-4410-8EEB-EB196147B6A4}"
EndProject
Global
	GlobalSection(SolutionConfigurationPlatforms) = preSolution
		Debug|Any CPU = Debug|Any CPU
		Release|Any CPU = Release|Any CPU
	EndGlobalSection
	GlobalSection(ProjectConfigurationPlatforms) = postSolution
		{8ED475F8-9B54-4741-94A6-6A5983CDA5E5}.Debug|Any CPU.ActiveCfg = Debug|Any CPU
		{8ED475F8-9B54-4741-94A6-6A5983CDA5E5}.Debug|Any CPU.Build.0 = Debug|Any CPU
		{8ED475F8-9B54-4741-94A6-6A5983CDA5E5}.Release|Any CPU.ActiveCfg = Release|Any CPU
		{8ED475F8-9B54-4741-94A6-6A5983CDA5E5}.Release|Any CPU.Build.0 = Release|Any CPU
		{50A97FA3-D5E4-4F6D-9739-573EA3890D68}.Debug|Any CPU.ActiveCfg = Debug|Any CPU
		{50A97FA3-D5E4-4F6D-9739-573EA3890D68}.Debug|Any CPU.Build.0 = Debug|Any CPU
		{50A97FA3-D5E4-4F6D-9739-573EA3890D68}.Release|Any CPU.ActiveCfg = Release|Any CPU
		{50A97FA3-D5E4-4F6D-9739-573EA3890D68}.Release|Any CPU.Build.0 = Release|Any CPU
		{1D66A300-B55E-4D04-B539-0F2CF3906820}.Debug|Any CPU.ActiveCfg = Debug|Any CPU
		{1D66A300-B55E-4D04-B539-0F2CF3906820}.Debug|Any CPU.Build.0 = Debug|Any CPU
		{1D66A300-B55E-4D04-B539-0F2CF3906820}.Release|Any CPU.ActiveCfg = Release|Any CPU
		{1D66A300-B55E-4D04-B539-0F2CF3906820}.Release|Any CPU.Build.0 = Release|Any CPU
		{37E67116-C6E2-4722-8E0A-E787DB4F1A03}.Debug|Any CPU.ActiveCfg = Debug|Any CPU
		{37E67116-C6E2-4722-8E0A-E787DB4F1A03}.Debug|Any CPU.Build.0 = Debug|Any CPU
		{37E67116-C6E2-4722-8E0A-E787DB4F1A03}.Release|Any CPU.ActiveCfg = Release|Any CPU
		{37E67116-C6E2-4722-8E0A-E787DB4F1A03}.Release|Any CPU.Build.0 = Release|Any CPU
		{2BD761D4-A061-44BC-B4FA-DBEE2E45A38A}.Debug|Any CPU.ActiveCfg = Debug|Any CPU
		{2BD761D4-A061-44BC-B4FA-DBEE2E45A38A}.Debug|Any CPU.Build.0 = Debug|Any CPU
		{2BD761D4-A061-44BC-B4FA-DBEE2E45A38A}.Release|Any CPU.ActiveCfg = Release|Any CPU
		{2BD761D4-A061-44BC-B4FA-DBEE2E45A38A}.Release|Any CPU.Build.0 = Release|Any CPU
		{2E0EBAB6-069A-4410-8EEB-EB196147B6A4}.Debug|Any CPU.ActiveCfg = Debug|Any CPU
		{2E0EBAB6-069A-4410-8EEB-EB196147B6A4}.Debug|Any CPU.Build.0 = Debug|Any CPU
		{2E0EBAB6-069A-4410-8EEB-EB196147B6A4}.Release|Any CPU.ActiveCfg = Release|Any CPU
		{2E0EBAB6-069A-4410-8EEB-EB196147B6A4}.Release|Any CPU.Build.0 = Release|Any CPU
	EndGlobalSection
	GlobalSection(SolutionProperties) = preSolution
		HideSolutionNode = FALSE
	EndGlobalSection
	GlobalSection(NestedProjects) = preSolution
		{8ED475F8-9B54-4741-94A6-6A5983CDA5E5} = {7700E568-F270-4781-9D3C-F4F4133F22E1}
		{50A97FA3-D5E4-4F6D-9739-573EA3890D68} = {7700E568-F270-4781-9D3C-F4F4133F22E1}
		{1D66A300-B55E-4D04-B539-0F2CF3906820} = {7700E568-F270-4781-9D3C-F4F4133F22E1}
		{37E67116-C6E2-4722-8E0A-E787DB4F1A03} = {7700E568-F270-4781-9D3C-F4F4133F22E1}
		{2BD761D4-A061-44BC-B4FA-DBEE2E45A38A} = {7700E568-F270-4781-9D3C-F4F4133F22E1}
		{2E0EBAB6-069A-4410-8EEB-EB196147B6A4} = {7700E568-F270-4781-9D3C-F4F4133F22E1}
	EndGlobalSection
EndGlobal
